<?xml version="1.0" encoding="UTF-8"?>
<CONFIG>
  <ProjectOptions>
    <Version Value="12"/>
    <General>
      <Flags>
        <MainUnitHasCreateFormStatements Value="False"/>
        <MainUnitHasTitleStatement Value="False"/>
        <MainUnitHasScaledStatement Value="False"/>
      </Flags>
      <SessionStorage Value="InProjectDir"/>
      <Title Value="Scrcpy Frontend"/>
      <Scaled Value="True"/>
      <UseAppBundle Value="False"/>
      <ResourceType Value="res"/>
    </General>
    <BuildModes>
      <Item Name="Default" Default="True"/>
    </BuildModes>
    <PublishOptions>
      <Version Value="2"/>
      <UseFileFilters Value="True"/>
    </PublishOptions>
    <RunParams>
      <FormatVersion Value="2"/>
    </RunParams>
    <RequiredPackages>
      <Item>
        <PackageName Value="LCL"/>
      </Item>
      <Item>
        <PackageName Value="LCLBase"/>
      </Item>
    </RequiredPackages>
    <Units>
      <Unit>
        <Filename Value="scrcpy_frontend.pas"/>
        <IsPartOfProject Value="True"/>
        <UnitName Value="ScrcpyFrontend"/>
      </Unit>
    </Units>
  </ProjectOptions>
  <CompilerOptions>
    <Version Value="11"/>
    <Parsing>
      <SyntaxOptions>
        <UseAnsiStrings Value="False"/>
      </SyntaxOptions>
    </Parsing>
    <Linking>
      <Debugging>
        <DebugInfoType Value="dsDwarf3"/>
      </Debugging>
    </Linking>
  </CompilerOptions>
</CONFIG>
